// !$*UTF8*$!
{
	archiveVersion = 1;
	classes = {
	};
	objectVersion = 50;
	objects = {

/* Begin PBXBuildFile section */
		BD286E65265CDEB1005FFA40 /* gctb.cpp in Sources */ = {isa = PBXBuildFile; fileRef = BD286E4C265CDEB0005FFA40 /* gctb.cpp */; };
		BD286E66265CDEB1005FFA40 /* model.cpp in Sources */ = {isa = PBXBuildFile; fileRef = BD286E4D265CDEB0005FFA40 /* model.cpp */; };
		BD286E67265CDEB1005FFA40 /* data.cpp in Sources */ = {isa = PBXBuildFile; fileRef = BD286E50265CDEB0005FFA40 /* data.cpp */; };
		BD286E68265CDEB1005FFA40 /* hsq.cpp in Sources */ = {isa = PBXBuildFile; fileRef = BD286E54265CDEB1005FFA40 /* hsq.cpp */; };
		BD286E6A265CDEB1005FFA40 /* vgmaf.cpp in Sources */ = {isa = PBXBuildFile; fileRef = BD286E58265CDEB1005FFA40 /* vgmaf.cpp */; };
		BD286E6B265CDEB1005FFA40 /* xci.cpp in Sources */ = {isa = PBXBuildFile; fileRef = BD286E59265CDEB1005FFA40 /* xci.cpp */; };
		BD286E6D265CDEB1005FFA40 /* gadgets.cpp in Sources */ = {isa = PBXBuildFile; fileRef = BD286E5D265CDEB1005FFA40 /* gadgets.cpp */; };
		BD286E6E265CDEB1005FFA40 /* main.cpp in Sources */ = {isa = PBXBuildFile; fileRef = BD286E5E265CDEB1005FFA40 /* main.cpp */; };
		BD286E6F265CDEB1005FFA40 /* mcmc.cpp in Sources */ = {isa = PBXBuildFile; fileRef = BD286E60265CDEB1005FFA40 /* mcmc.cpp */; };
		BD286E70265CDEB1005FFA40 /* options.cpp in Sources */ = {isa = PBXBuildFile; fileRef = BD286E61265CDEB1005FFA40 /* options.cpp */; };
		BD286E71265CDEB1005FFA40 /* stratify.cpp in Sources */ = {isa = PBXBuildFile; fileRef = BD286E62265CDEB1005FFA40 /* stratify.cpp */; };
		BD286E72265CDEB1005FFA40 /* predict.cpp in Sources */ = {isa = PBXBuildFile; fileRef = BD286E63265CDEB1005FFA40 /* predict.cpp */; };
		BD286E73265CDEB1005FFA40 /* stat.cpp in Sources */ = {isa = PBXBuildFile; fileRef = BD286E64265CDEB1005FFA40 /* stat.cpp */; };
		BD52193F2CF2FD4B00C13BE5 /* multichain.cpp in Sources */ = {isa = PBXBuildFile; fileRef = BD52193E2CF2FD4700C13BE5 /* multichain.cpp */; };
		BD79C9052CE231430007F023 /* libomp.dylib in Frameworks */ = {isa = PBXBuildFile; fileRef = BD79C9042CE231430007F023 /* libomp.dylib */; };
		BD79C9072CE231730007F023 /* libomp.dylib in Embed Libraries */ = {isa = PBXBuildFile; fileRef = BD79C9062CE231730007F023 /* libomp.dylib */; settings = {ATTRIBUTES = (CodeSignOnCopy, ); }; };
		BD88D2D729668AD800D9C63D /* eigen.cpp in Sources */ = {isa = PBXBuildFile; fileRef = BD88D2D629668AD700D9C63D /* eigen.cpp */; };
/* End PBXBuildFile section */

/* Begin PBXCopyFilesBuildPhase section */
		BD21D06F27C754D900C297A4 /* Embed Libraries */ = {
			isa = PBXCopyFilesBuildPhase;
			buildActionMask = 2147483647;
			dstPath = "";
			dstSubfolderSpec = 10;
			files = (
				BD79C9072CE231730007F023 /* libomp.dylib in Embed Libraries */,
			);
			name = "Embed Libraries";
			runOnlyForDeploymentPostprocessing = 0;
		};
		BD286E3C265CDE27005FFA40 /* CopyFiles */ = {
			isa = PBXCopyFilesBuildPhase;
			buildActionMask = 2147483647;
			dstPath = /usr/share/man/man1/;
			dstSubfolderSpec = 0;
			files = (
			);
			runOnlyForDeploymentPostprocessing = 1;
		};
/* End PBXCopyFilesBuildPhase section */

/* Begin PBXFileReference section */
		BD286E3E265CDE27005FFA40 /* gctb */ = {isa = PBXFileReference; explicitFileType = "compiled.mach-o.executable"; includeInIndex = 0; path = gctb; sourceTree = BUILT_PRODUCTS_DIR; };
		BD286E48265CDEB0005FFA40 /* model.hpp */ = {isa = PBXFileReference; fileEncoding = 4; lastKnownFileType = sourcecode.cpp.h; path = model.hpp; sourceTree = "<group>"; };
		BD286E49265CDEB0005FFA40 /* gctb.hpp */ = {isa = PBXFileReference; fileEncoding = 4; lastKnownFileType = sourcecode.cpp.h; path = gctb.hpp; sourceTree = "<group>"; };
		BD286E4C265CDEB0005FFA40 /* gctb.cpp */ = {isa = PBXFileReference; fileEncoding = 4; lastKnownFileType = sourcecode.cpp.cpp; path = gctb.cpp; sourceTree = "<group>"; };
		BD286E4D265CDEB0005FFA40 /* model.cpp */ = {isa = PBXFileReference; fileEncoding = 4; lastKnownFileType = sourcecode.cpp.cpp; path = model.cpp; sourceTree = "<group>"; };
		BD286E4E265CDEB0005FFA40 /* mcmc.hpp */ = {isa = PBXFileReference; fileEncoding = 4; lastKnownFileType = sourcecode.cpp.h; path = mcmc.hpp; sourceTree = "<group>"; };
		BD286E4F265CDEB0005FFA40 /* stratify.hpp */ = {isa = PBXFileReference; fileEncoding = 4; lastKnownFileType = sourcecode.cpp.h; path = stratify.hpp; sourceTree = "<group>"; };
		BD286E50265CDEB0005FFA40 /* data.cpp */ = {isa = PBXFileReference; fileEncoding = 4; lastKnownFileType = sourcecode.cpp.cpp; path = data.cpp; sourceTree = "<group>"; };
		BD286E51265CDEB0005FFA40 /* data.hpp */ = {isa = PBXFileReference; fileEncoding = 4; lastKnownFileType = sourcecode.cpp.h; path = data.hpp; sourceTree = "<group>"; };
		BD286E52265CDEB0005FFA40 /* options.hpp */ = {isa = PBXFileReference; fileEncoding = 4; lastKnownFileType = sourcecode.cpp.h; path = options.hpp; sourceTree = "<group>"; };
		BD286E53265CDEB1005FFA40 /* xci.hpp */ = {isa = PBXFileReference; fileEncoding = 4; lastKnownFileType = sourcecode.cpp.h; path = xci.hpp; sourceTree = "<group>"; };
		BD286E54265CDEB1005FFA40 /* hsq.cpp */ = {isa = PBXFileReference; fileEncoding = 4; lastKnownFileType = sourcecode.cpp.cpp; path = hsq.cpp; sourceTree = "<group>"; };
		BD286E55265CDEB1005FFA40 /* vgmaf.hpp */ = {isa = PBXFileReference; fileEncoding = 4; lastKnownFileType = sourcecode.cpp.h; path = vgmaf.hpp; sourceTree = "<group>"; };
		BD286E56265CDEB1005FFA40 /* gadgets.hpp */ = {isa = PBXFileReference; fileEncoding = 4; lastKnownFileType = sourcecode.cpp.h; path = gadgets.hpp; sourceTree = "<group>"; };
		BD286E58265CDEB1005FFA40 /* vgmaf.cpp */ = {isa = PBXFileReference; fileEncoding = 4; lastKnownFileType = sourcecode.cpp.cpp; path = vgmaf.cpp; sourceTree = "<group>"; };
		BD286E59265CDEB1005FFA40 /* xci.cpp */ = {isa = PBXFileReference; fileEncoding = 4; lastKnownFileType = sourcecode.cpp.cpp; path = xci.cpp; sourceTree = "<group>"; };
		BD286E5B265CDEB1005FFA40 /* predict.hpp */ = {isa = PBXFileReference; fileEncoding = 4; lastKnownFileType = sourcecode.cpp.h; path = predict.hpp; sourceTree = "<group>"; };
		BD286E5C265CDEB1005FFA40 /* hsq.hpp */ = {isa = PBXFileReference; fileEncoding = 4; lastKnownFileType = sourcecode.cpp.h; path = hsq.hpp; sourceTree = "<group>"; };
		BD286E5D265CDEB1005FFA40 /* gadgets.cpp */ = {isa = PBXFileReference; fileEncoding = 4; lastKnownFileType = sourcecode.cpp.cpp; path = gadgets.cpp; sourceTree = "<group>"; };
		BD286E5E265CDEB1005FFA40 /* main.cpp */ = {isa = PBXFileReference; fileEncoding = 4; lastKnownFileType = sourcecode.cpp.cpp; path = main.cpp; sourceTree = "<group>"; };
		BD286E5F265CDEB1005FFA40 /* stat.hpp */ = {isa = PBXFileReference; fileEncoding = 4; lastKnownFileType = sourcecode.cpp.h; path = stat.hpp; sourceTree = "<group>"; };
		BD286E60265CDEB1005FFA40 /* mcmc.cpp */ = {isa = PBXFileReference; fileEncoding = 4; lastKnownFileType = sourcecode.cpp.cpp; path = mcmc.cpp; sourceTree = "<group>"; };
		BD286E61265CDEB1005FFA40 /* options.cpp */ = {isa = PBXFileReference; fileEncoding = 4; lastKnownFileType = sourcecode.cpp.cpp; path = options.cpp; sourceTree = "<group>"; };
		BD286E62265CDEB1005FFA40 /* stratify.cpp */ = {isa = PBXFileReference; fileEncoding = 4; lastKnownFileType = sourcecode.cpp.cpp; path = stratify.cpp; sourceTree = "<group>"; };
		BD286E63265CDEB1005FFA40 /* predict.cpp */ = {isa = PBXFileReference; fileEncoding = 4; lastKnownFileType = sourcecode.cpp.cpp; path = predict.cpp; sourceTree = "<group>"; };
		BD286E64265CDEB1005FFA40 /* stat.cpp */ = {isa = PBXFileReference; fileEncoding = 4; lastKnownFileType = sourcecode.cpp.cpp; path = stat.cpp; sourceTree = "<group>"; };
		BD286E75265D2A80005FFA40 /* libomp.dylib */ = {isa = PBXFileReference; lastKnownFileType = "compiled.mach-o.dylib"; name = libomp.dylib; path = ../../../../usr/local/Cellar/llvm/12.0.0_1/lib/libomp.dylib; sourceTree = "<group>"; };
		BD52193D2CF2FCC500C13BE5 /* multichain.hpp */ = {isa = PBXFileReference; lastKnownFileType = sourcecode.cpp.h; path = multichain.hpp; sourceTree = "<group>"; };
		BD52193E2CF2FD4700C13BE5 /* multichain.cpp */ = {isa = PBXFileReference; lastKnownFileType = sourcecode.cpp.cpp; path = multichain.cpp; sourceTree = "<group>"; };
		BD79C9042CE231430007F023 /* libomp.dylib */ = {isa = PBXFileReference; lastKnownFileType = "compiled.mach-o.dylib"; name = libomp.dylib; path = ../../../../opt/homebrew/Cellar/llvm/19.1.3/lib/libomp.dylib; sourceTree = "<group>"; };
		BD79C9062CE231730007F023 /* libomp.dylib */ = {isa = PBXFileReference; lastKnownFileType = "compiled.mach-o.dylib"; name = libomp.dylib; path = ../../../../opt/homebrew/Cellar/llvm/19.1.3/lib/libomp.dylib; sourceTree = "<group>"; };
		BD88D2D629668AD700D9C63D /* eigen.cpp */ = {isa = PBXFileReference; fileEncoding = 4; lastKnownFileType = sourcecode.cpp.cpp; path = eigen.cpp; sourceTree = "<group>"; };
/* End PBXFileReference section */

/* Begin PBXFrameworksBuildPhase section */
		BD286E3B265CDE27005FFA40 /* Frameworks */ = {
			isa = PBXFrameworksBuildPhase;
			buildActionMask = 2147483647;
			files = (
				BD79C9052CE231430007F023 /* libomp.dylib in Frameworks */,
			);
			runOnlyForDeploymentPostprocessing = 0;
		};
/* End PBXFrameworksBuildPhase section */

/* Begin PBXGroup section */
		BD286E35265CDE27005FFA40 = {
			isa = PBXGroup;
			children = (
				BD79C9062CE231730007F023 /* libomp.dylib */,
				BD286E40265CDE27005FFA40 /* scr */,
				BD286E3F265CDE27005FFA40 /* Products */,
				BD286E74265D2A80005FFA40 /* Frameworks */,
			);
			sourceTree = "<group>";
		};
		BD286E3F265CDE27005FFA40 /* Products */ = {
			isa = PBXGroup;
			children = (
				BD286E3E265CDE27005FFA40 /* gctb */,
			);
			name = Products;
			sourceTree = "<group>";
		};
		BD286E40265CDE27005FFA40 /* scr */ = {
			isa = PBXGroup;
			children = (
				BD52193E2CF2FD4700C13BE5 /* multichain.cpp */,
				BD52193D2CF2FCC500C13BE5 /* multichain.hpp */,
				BD286E50265CDEB0005FFA40 /* data.cpp */,
				BD88D2D629668AD700D9C63D /* eigen.cpp */,
				BD286E51265CDEB0005FFA40 /* data.hpp */,
				BD286E5D265CDEB1005FFA40 /* gadgets.cpp */,
				BD286E56265CDEB1005FFA40 /* gadgets.hpp */,
				BD286E4C265CDEB0005FFA40 /* gctb.cpp */,
				BD286E49265CDEB0005FFA40 /* gctb.hpp */,
				BD286E54265CDEB1005FFA40 /* hsq.cpp */,
				BD286E5C265CDEB1005FFA40 /* hsq.hpp */,
				BD286E5E265CDEB1005FFA40 /* main.cpp */,
				BD286E60265CDEB1005FFA40 /* mcmc.cpp */,
				BD286E4E265CDEB0005FFA40 /* mcmc.hpp */,
				BD286E4D265CDEB0005FFA40 /* model.cpp */,
				BD286E48265CDEB0005FFA40 /* model.hpp */,
				BD286E61265CDEB1005FFA40 /* options.cpp */,
				BD286E52265CDEB0005FFA40 /* options.hpp */,
				BD286E63265CDEB1005FFA40 /* predict.cpp */,
				BD286E5B265CDEB1005FFA40 /* predict.hpp */,
				BD286E64265CDEB1005FFA40 /* stat.cpp */,
				BD286E5F265CDEB1005FFA40 /* stat.hpp */,
				BD286E62265CDEB1005FFA40 /* stratify.cpp */,
				BD286E4F265CDEB0005FFA40 /* stratify.hpp */,
				BD286E58265CDEB1005FFA40 /* vgmaf.cpp */,
				BD286E55265CDEB1005FFA40 /* vgmaf.hpp */,
				BD286E59265CDEB1005FFA40 /* xci.cpp */,
				BD286E53265CDEB1005FFA40 /* xci.hpp */,
			);
			path = scr;
			sourceTree = "<group>";
		};
		BD286E74265D2A80005FFA40 /* Frameworks */ = {
			isa = PBXGroup;
			children = (
				BD79C9042CE231430007F023 /* libomp.dylib */,
				BD286E75265D2A80005FFA40 /* libomp.dylib */,
			);
			name = Frameworks;
			sourceTree = "<group>";
		};
/* End PBXGroup section */

/* Begin PBXNativeTarget section */
		BD286E3D265CDE27005FFA40 /* gctb */ = {
			isa = PBXNativeTarget;
			buildConfigurationList = BD286E45265CDE27005FFA40 /* Build configuration list for PBXNativeTarget "gctb" */;
			buildPhases = (
				BD286E3A265CDE27005FFA40 /* Sources */,
				BD286E3B265CDE27005FFA40 /* Frameworks */,
				BD286E3C265CDE27005FFA40 /* CopyFiles */,
				BD21D06F27C754D900C297A4 /* Embed Libraries */,
			);
			buildRules = (
			);
			dependencies = (
			);
			name = gctb;
			productName = gctb;
			productReference = BD286E3E265CDE27005FFA40 /* gctb */;
			productType = "com.apple.product-type.tool";
		};
/* End PBXNativeTarget section */

/* Begin PBXProject section */
		BD286E36265CDE27005FFA40 /* Project object */ = {
			isa = PBXProject;
			attributes = {
				LastUpgradeCheck = 1250;
				TargetAttributes = {
					BD286E3D265CDE27005FFA40 = {
						CreatedOnToolsVersion = 12.5;
					};
				};
			};
			buildConfigurationList = BD286E39265CDE27005FFA40 /* Build configuration list for PBXProject "gctb" */;
			compatibilityVersion = "Xcode 9.3";
			developmentRegion = en;
			hasScannedForEncodings = 0;
			knownRegions = (
				en,
				Base,
			);
			mainGroup = BD286E35265CDE27005FFA40;
			productRefGroup = BD286E3F265CDE27005FFA40 /* Products */;
			projectDirPath = "";
			projectRoot = "";
			targets = (
				BD286E3D265CDE27005FFA40 /* gctb */,
			);
		};
/* End PBXProject section */

/* Begin PBXSourcesBuildPhase section */
		BD286E3A265CDE27005FFA40 /* Sources */ = {
			isa = PBXSourcesBuildPhase;
			buildActionMask = 2147483647;
			files = (
				BD88D2D729668AD800D9C63D /* eigen.cpp in Sources */,
				BD286E6D265CDEB1005FFA40 /* gadgets.cpp in Sources */,
				BD286E68265CDEB1005FFA40 /* hsq.cpp in Sources */,
				BD52193F2CF2FD4B00C13BE5 /* multichain.cpp in Sources */,
				BD286E6A265CDEB1005FFA40 /* vgmaf.cpp in Sources */,
				BD286E71265CDEB1005FFA40 /* stratify.cpp in Sources */,
				BD286E65265CDEB1005FFA40 /* gctb.cpp in Sources */,
				BD286E66265CDEB1005FFA40 /* model.cpp in Sources */,
				BD286E73265CDEB1005FFA40 /* stat.cpp in Sources */,
				BD286E6B265CDEB1005FFA40 /* xci.cpp in Sources */,
				BD286E70265CDEB1005FFA40 /* options.cpp in Sources */,
				BD286E6E265CDEB1005FFA40 /* main.cpp in Sources */,
				BD286E67265CDEB1005FFA40 /* data.cpp in Sources */,
				BD286E6F265CDEB1005FFA40 /* mcmc.cpp in Sources */,
				BD286E72265CDEB1005FFA40 /* predict.cpp in Sources */,
			);
			runOnlyForDeploymentPostprocessing = 0;
		};
/* End PBXSourcesBuildPhase section */

/* Begin XCBuildConfiguration section */
		BD286E43265CDE27005FFA40 /* Debug */ = {
			isa = XCBuildConfiguration;
			buildSettings = {
				ALWAYS_SEARCH_USER_PATHS = NO;
				CLANG_ANALYZER_NONNULL = YES;
				CLANG_ANALYZER_NUMBER_OBJECT_CONVERSION = YES_AGGRESSIVE;
				CLANG_CXX_LANGUAGE_STANDARD = "gnu++14";
				CLANG_CXX_LIBRARY = "libc++";
				CLANG_ENABLE_MODULES = YES;
				CLANG_ENABLE_OBJC_ARC = YES;
				CLANG_ENABLE_OBJC_WEAK = YES;
				CLANG_WARN_BLOCK_CAPTURE_AUTORELEASING = YES;
				CLANG_WARN_BOOL_CONVERSION = YES;
				CLANG_WARN_COMMA = YES;
				CLANG_WARN_CONSTANT_CONVERSION = YES;
				CLANG_WARN_DEPRECATED_OBJC_IMPLEMENTATIONS = YES;
				CLANG_WARN_DIRECT_OBJC_ISA_USAGE = YES_ERROR;
				CLANG_WARN_DOCUMENTATION_COMMENTS = YES;
				CLANG_WARN_EMPTY_BODY = YES;
				CLANG_WARN_ENUM_CONVERSION = YES;
				CLANG_WARN_INFINITE_RECURSION = YES;
				CLANG_WARN_INT_CONVERSION = YES;
				CLANG_WARN_NON_LITERAL_NULL_CONVERSION = YES;
				CLANG_WARN_OBJC_IMPLICIT_RETAIN_SELF = YES;
				CLANG_WARN_OBJC_LITERAL_CONVERSION = YES;
				CLANG_WARN_OBJC_ROOT_CLASS = YES_ERROR;
				CLANG_WARN_QUOTED_INCLUDE_IN_FRAMEWORK_HEADER = YES;
				CLANG_WARN_RANGE_LOOP_ANALYSIS = YES;
				CLANG_WARN_STRICT_PROTOTYPES = YES;
				CLANG_WARN_SUSPICIOUS_MOVE = YES;
				CLANG_WARN_UNGUARDED_AVAILABILITY = YES_AGGRESSIVE;
				CLANG_WARN_UNREACHABLE_CODE = YES;
				CLANG_WARN__DUPLICATE_METHOD_MATCH = YES;
				COPY_PHASE_STRIP = NO;
				DEBUG_INFORMATION_FORMAT = dwarf;
				ENABLE_STRICT_OBJC_MSGSEND = YES;
				ENABLE_TESTABILITY = YES;
				GCC_C_LANGUAGE_STANDARD = gnu11;
				GCC_DYNAMIC_NO_PIC = NO;
				GCC_NO_COMMON_BLOCKS = YES;
				GCC_OPTIMIZATION_LEVEL = 0;
				GCC_PREPROCESSOR_DEFINITIONS = (
					"DEBUG=1",
					"$(inherited)",
				);
				GCC_WARN_64_TO_32_BIT_CONVERSION = YES;
				GCC_WARN_ABOUT_RETURN_TYPE = YES_ERROR;
				GCC_WARN_UNDECLARED_SELECTOR = YES;
				GCC_WARN_UNINITIALIZED_AUTOS = YES_AGGRESSIVE;
				GCC_WARN_UNUSED_FUNCTION = YES;
				GCC_WARN_UNUSED_VARIABLE = YES;
				MACOSX_DEPLOYMENT_TARGET = 11.3;
				MTL_ENABLE_DEBUG_INFO = INCLUDE_SOURCE;
				MTL_FAST_MATH = YES;
				ONLY_ACTIVE_ARCH = NO;
				SDKROOT = macosx;
			};
			name = Debug;
		};
		BD286E44265CDE27005FFA40 /* Release */ = {
			isa = XCBuildConfiguration;
			buildSettings = {
				ALWAYS_SEARCH_USER_PATHS = NO;
				CLANG_ANALYZER_NONNULL = YES;
				CLANG_ANALYZER_NUMBER_OBJECT_CONVERSION = YES_AGGRESSIVE;
				CLANG_CXX_LANGUAGE_STANDARD = "gnu++14";
				CLANG_CXX_LIBRARY = "libc++";
				CLANG_ENABLE_MODULES = YES;
				CLANG_ENABLE_OBJC_ARC = YES;
				CLANG_ENABLE_OBJC_WEAK = YES;
				CLANG_WARN_BLOCK_CAPTURE_AUTORELEASING = YES;
				CLANG_WARN_BOOL_CONVERSION = YES;
				CLANG_WARN_COMMA = YES;
				CLANG_WARN_CONSTANT_CONVERSION = YES;
				CLANG_WARN_DEPRECATED_OBJC_IMPLEMENTATIONS = YES;
				CLANG_WARN_DIRECT_OBJC_ISA_USAGE = YES_ERROR;
				CLANG_WARN_DOCUMENTATION_COMMENTS = YES;
				CLANG_WARN_EMPTY_BODY = YES;
				CLANG_WARN_ENUM_CONVERSION = YES;
				CLANG_WARN_INFINITE_RECURSION = YES;
				CLANG_WARN_INT_CONVERSION = YES;
				CLANG_WARN_NON_LITERAL_NULL_CONVERSION = YES;
				CLANG_WARN_OBJC_IMPLICIT_RETAIN_SELF = YES;
				CLANG_WARN_OBJC_LITERAL_CONVERSION = YES;
				CLANG_WARN_OBJC_ROOT_CLASS = YES_ERROR;
				CLANG_WARN_QUOTED_INCLUDE_IN_FRAMEWORK_HEADER = YES;
				CLANG_WARN_RANGE_LOOP_ANALYSIS = YES;
				CLANG_WARN_STRICT_PROTOTYPES = YES;
				CLANG_WARN_SUSPICIOUS_MOVE = YES;
				CLANG_WARN_UNGUARDED_AVAILABILITY = YES_AGGRESSIVE;
				CLANG_WARN_UNREACHABLE_CODE = YES;
				CLANG_WARN__DUPLICATE_METHOD_MATCH = YES;
				COPY_PHASE_STRIP = NO;
				DEBUG_INFORMATION_FORMAT = "dwarf-with-dsym";
				ENABLE_NS_ASSERTIONS = NO;
				ENABLE_STRICT_OBJC_MSGSEND = YES;
				GCC_C_LANGUAGE_STANDARD = gnu11;
				GCC_NO_COMMON_BLOCKS = YES;
				GCC_WARN_64_TO_32_BIT_CONVERSION = YES;
				GCC_WARN_ABOUT_RETURN_TYPE = YES_ERROR;
				GCC_WARN_UNDECLARED_SELECTOR = YES;
				GCC_WARN_UNINITIALIZED_AUTOS = YES_AGGRESSIVE;
				GCC_WARN_UNUSED_FUNCTION = YES;
				GCC_WARN_UNUSED_VARIABLE = YES;
				MACOSX_DEPLOYMENT_TARGET = 11.3;
				MTL_ENABLE_DEBUG_INFO = NO;
				MTL_FAST_MATH = YES;
				ONLY_ACTIVE_ARCH = YES;
				SDKROOT = macosx;
			};
			name = Release;
		};
		BD286E46265CDE27005FFA40 /* Debug */ = {
			isa = XCBuildConfiguration;
			buildSettings = {
				CC = "/opt/homebrew/opt/llvm/bin/clang++";
				CLANG_ENABLE_MODULES = NO;
				CODE_SIGN_STYLE = Automatic;
				COMPILER_INDEX_STORE_ENABLE = YES;
				HEADER_SEARCH_PATHS = (
					"$(SRCROOT)/scr",
					"$(SRCROOT)",
					"$(SRCROOT)/../eigen-3.4.0",
					/opt/homebrew/opt/llvm/include/,
				);
				LIBRARY_SEARCH_PATHS = (
					/usr/local/lib,
					/opt/homebrew/opt/llvm/lib/,
					/opt/homebrew/Cellar/llvm/19.1.3/lib,
				);
				ONLY_ACTIVE_ARCH = YES;
				OTHER_CFLAGS = "-fopenmp";
				PRODUCT_NAME = "$(TARGET_NAME)";
			};
			name = Debug;
		};
		BD286E47265CDE27005FFA40 /* Release */ = {
			isa = XCBuildConfiguration;
			buildSettings = {
				CC = "/opt/homebrew/opt/llvm/bin/clang++";
				CLANG_ENABLE_MODULES = NO;
				CODE_SIGN_STYLE = Automatic;
				COMPILER_INDEX_STORE_ENABLE = YES;
				HEADER_SEARCH_PATHS = (
					"$(SRCROOT)/scr",
					"$(SRCROOT)",
					"$(SRCROOT)/../eigen-3.4.0",
					/opt/homebrew/opt/llvm/include/,
				);
				LIBRARY_SEARCH_PATHS = (
					/usr/local/lib,
					/opt/homebrew/opt/llvm/lib/,
					/opt/homebrew/Cellar/llvm/19.1.3/lib,
				);
				ONLY_ACTIVE_ARCH = YES;
				OTHER_CFLAGS = "-fopenmp";
				PRODUCT_NAME = "$(TARGET_NAME)";
			};
			name = Release;
		};
/* End XCBuildConfiguration section */

/* Begin XCConfigurationList section */
		BD286E39265CDE27005FFA40 /* Build configuration list for PBXProject "gctb" */ = {
			isa = XCConfigurationList;
			buildConfigurations = (
				BD286E43265CDE27005FFA40 /* Debug */,
				BD286E44265CDE27005FFA40 /* Release */,
			);
			defaultConfigurationIsVisible = 0;
			defaultConfigurationName = Release;
		};
		BD286E45265CDE27005FFA40 /* Build configuration list for PBXNativeTarget "gctb" */ = {
			isa = XCConfigurationList;
			buildConfigurations = (
				BD286E46265CDE27005FFA40 /* Debug */,
				BD286E47265CDE27005FFA40 /* Release */,
			);
			defaultConfigurationIsVisible = 0;
			defaultConfigurationName = Release;
		};
/* End XCConfigurationList section */
	};
	rootObject = BD286E36265CDE27005FFA40 /* Project object */;
}
