<?xml version="1.0" encoding="UTF-8"?>
<Scheme
   LastUpgradeVersion = "1250"
   version = "1.3">
   <BuildAction
      parallelizeBuildables = "YES"
      buildImplicitDependencies = "YES">
      <BuildActionEntries>
         <BuildActionEntry
            buildForTesting = "YES"
            buildForRunning = "YES"
            buildForProfiling = "YES"
            buildForArchiving = "YES"
            buildForAnalyzing = "YES">
            <BuildableReference
               BuildableIdentifier = "primary"
               BlueprintIdentifier = "BD286E3D265CDE27005FFA40"
               BuildableName = "gctb"
               BlueprintName = "gctb"
               ReferencedContainer = "container:gctb.xcodeproj">
            </BuildableReference>
         </BuildActionEntry>
      </BuildActionEntries>
   </BuildAction>
   <TestAction
      buildConfiguration = "Debug"
      selectedDebuggerIdentifier = "Xcode.DebuggerFoundation.Debugger.LLDB"
      selectedLauncherIdentifier = "Xcode.DebuggerFoundation.Launcher.LLDB"
      shouldUseLaunchSchemeArgsEnv = "YES">
      <Testables>
      </Testables>
   </TestAction>
   <LaunchAction
      buildConfiguration = "Release"
      selectedDebuggerIdentifier = "Xcode.DebuggerFoundation.Debugger.LLDB"
      selectedLauncherIdentifier = "Xcode.DebuggerFoundation.Launcher.LLDB"
      launchStyle = "0"
      useCustomWorkingDirectory = "NO"
      ignoresPersistentStateOnLaunch = "NO"
      debugDocumentVersioning = "YES"
      debugServiceExtension = "internal"
      allowLocationSimulation = "YES">
      <BuildableProductRunnable
         runnableDebuggingMode = "0">
         <BuildableReference
            BuildableIdentifier = "primary"
            BlueprintIdentifier = "BD286E3D265CDE27005FFA40"
            BuildableName = "gctb"
            BlueprintName = "gctb"
            ReferencedContainer = "container:gctb.xcodeproj">
         </BuildableReference>
      </BuildableProductRunnable>
      <CommandLineArguments>
         <CommandLineArgument
            argument = "--pheno /Users/uqjzeng1/Desktop/Roy/sim_baifw.phen"
            isEnabled = "NO">
         </CommandLineArgument>
         <CommandLineArgument
            argument = "--mpheno 2 "
            isEnabled = "NO">
         </CommandLineArgument>
         <CommandLineArgument
            argument = "--bfile /Users/uqjzeng1/Desktop/Roy/sim_baif"
            isEnabled = "NO">
         </CommandLineArgument>
         <CommandLineArgument
            argument = "--bayes R"
            isEnabled = "NO">
         </CommandLineArgument>
         <CommandLineArgument
            argument = "--seed 123456"
            isEnabled = "NO">
         </CommandLineArgument>
         <CommandLineArgument
            argument = "--chain-length 200"
            isEnabled = "NO">
         </CommandLineArgument>
         <CommandLineArgument
            argument = "--burn-in 0"
            isEnabled = "NO">
         </CommandLineArgument>
         <CommandLineArgument
            argument = "--out /Users/uqjzeng1/Desktop/Roy/out"
            isEnabled = "NO">
         </CommandLineArgument>
         <CommandLineArgument
            argument = "--original-model"
            isEnabled = "NO">
         </CommandLineArgument>
         <CommandLineArgument
            argument = "--hsq 0.5"
            isEnabled = "NO">
         </CommandLineArgument>
         <CommandLineArgument
            argument = "--res-diag /Users/uqjzeng1/Desktop/Roy/weights_baif.txt"
            isEnabled = "NO">
         </CommandLineArgument>
         <CommandLineArgument
            argument = "--bfile /Users/uqjzeng1/Desktop/sbayesrc/test --make-block-ldm --block-info /Users/uqjzeng1/Desktop/sbayesrc/sub-2-blocks-chr22-ldblock-fourier-4cM-2022-04-29.txt --out run"
            isEnabled = "YES">
         </CommandLineArgument>
         <CommandLineArgument
            argument = "--ldm-eigen /Users/uqjzeng1/Desktop/sbayesrc/run"
            isEnabled = "NO">
         </CommandLineArgument>
         <CommandLineArgument
            argument = "--gwas-summary /Users/uqjzeng1/Desktop/sbayesrc/test10K.ma"
            isEnabled = "NO">
         </CommandLineArgument>
         <CommandLineArgument
            argument = "--sbayes R --out /Users/uqjzeng1/Desktop/sbayesrc/run"
            isEnabled = "NO">
         </CommandLineArgument>
         <CommandLineArgument
            argument = "--out-freq 1"
            isEnabled = "NO">
         </CommandLineArgument>
         <CommandLineArgument
            argument = "--ldm /Users/uqjzeng1/Desktop/sbayesrc/run --make-ldm-eigen --block 1 --ldm-eigen-cutoff 0.995 --write-ldm-txt --out /Users/uqjzeng1/Desktop/sbayesrc/run"
            isEnabled = "NO">
         </CommandLineArgument>
      </CommandLineArguments>
   </LaunchAction>
   <ProfileAction
      buildConfiguration = "Release"
      shouldUseLaunchSchemeArgsEnv = "YES"
      savedToolIdentifier = ""
      useCustomWorkingDirectory = "NO"
      debugDocumentVersioning = "YES">
      <BuildableProductRunnable
         runnableDebuggingMode = "0">
         <BuildableReference
            BuildableIdentifier = "primary"
            BlueprintIdentifier = "BD286E3D265CDE27005FFA40"
            BuildableName = "gctb"
            BlueprintName = "gctb"
            ReferencedContainer = "container:gctb.xcodeproj">
         </BuildableReference>
      </BuildableProductRunnable>
   </ProfileAction>
   <AnalyzeAction
      buildConfiguration = "Debug">
   </AnalyzeAction>
   <ArchiveAction
      buildConfiguration = "Release"
      revealArchiveInOrganizer = "YES">
   </ArchiveAction>
</Scheme>
